
Microsoft Visual Studio Solution File, Format Version 12.00
# Visual Studio Version 17
VisualStudioVersion = 17.10.34928.147
MinimumVisualStudioVersion = 10.0.40219.1
Project("{9A19103F-16F7-4668-BE54-9A1E7A4F7556}") = "ConsoleApp1", "ConsoleApp1.csproj", "{00EF6E46-1CF9-4C6D-8EF6-4D5443792145}"
EndProject
Project("{FAE04EC0-301F-11D3-BF4B-00C04F79EFBC}") = "ConsoleApp1.Tests", "..\ConsoleApp1.Tests\ConsoleApp1.Tests.csproj", "{7C0B87A7-9C58-42A8-B314-56B0FA924794}"
EndProject
Global
	GlobalSection(SolutionConfigurationPlatforms) = preSolution
		Debug|Any CPU = Debug|Any CPU
		Release|Any CPU = Release|Any CPU
	EndGlobalSection
	GlobalSection(ProjectConfigurationPlatforms) = postSolution
		{00EF6E46-1CF9-4C6D-8EF6-4D5443792145}.Debug|Any CPU.ActiveCfg = Debug|Any CPU
		{00EF6E46-1CF9-4C6D-8EF6-4D5443792145}.Debug|Any CPU.Build.0 = Debug|Any CPU
		{00EF6E46-1CF9-4C6D-8EF6-4D5443792145}.Release|Any CPU.ActiveCfg = Release|Any CPU
		{00EF6E46-1CF9-4C6D-8EF6-4D5443792145}.Release|Any CPU.Build.0 = Release|Any CPU
		{7C0B87A7-9C58-42A8-B314-56B0FA924794}.Debug|Any CPU.ActiveCfg = Debug|Any CPU
		{7C0B87A7-9C58-42A8-B314-56B0FA924794}.Debug|Any CPU.Build.0 = Debug|Any CPU
		{7C0B87A7-9C58-42A8-B314-56B0FA924794}.Release|Any CPU.ActiveCfg = Release|Any CPU
		{7C0B87A7-9C58-42A8-B314-56B0FA924794}.Release|Any CPU.Build.0 = Release|Any CPU
	EndGlobalSection
	GlobalSection(SolutionProperties) = preSolution
		HideSolutionNode = FALSE
	EndGlobalSection
	GlobalSection(ExtensibilityGlobals) = postSolution
		SolutionGuid = {B72F9EC5-5EEF-41B3-A089-6BC3FB71E171}
	EndGlobalSection
EndGlobal
